
Microsoft Visual Studio Solution File, Format Version 12.00
# Visual Studio 15
VisualStudioVersion = 15.0.28307.572
MinimumVisualStudioVersion = 10.0.40219.1
Project("{FAE04EC0-301F-11D3-BF4B-00C04F79EFBC}") = "MessageCounterInterface", "MessageCounterInterface\MessageCounterInterface.csproj", "{6ECCAFDC-4C74-42F7-9AD7-6EF6AA44477F}"
EndProject
Project("{FAE04EC0-301F-11D3-BF4B-00C04F79EFBC}") = "MessageCounterBackend", "MessageCounterBackend\MessageCounterBackend.csproj", "{99D321FC-D526-478B-B8ED-2E9ED70E24CA}"
EndProject
Global
	GlobalSection(SolutionConfigurationPlatforms) = preSolution
		Debug|Any CPU = Debug|Any CPU
		Release|Any CPU = Release|Any CPU
	EndGlobalSection
	GlobalSection(ProjectConfigurationPlatforms) = postSolution
		{6ECCAFDC-4C74-42F7-9AD7-6EF6AA44477F}.Debug|Any CPU.ActiveCfg = Debug|Any CPU
		{6ECCAFDC-4C74-42F7-9AD7-6EF6AA44477F}.Debug|Any CPU.Build.0 = Debug|Any CPU
		{6ECCAFDC-4C74-42F7-9AD7-6EF6AA44477F}.Release|Any CPU.ActiveCfg = Release|Any CPU
		{6ECCAFDC-4C74-42F7-9AD7-6EF6AA44477F}.Release|Any CPU.Build.0 = Release|Any CPU
		{99D321FC-D526-478B-B8ED-2E9ED70E24CA}.Debug|Any CPU.ActiveCfg = Debug|Any CPU
		{99D321FC-D526-478B-B8ED-2E9ED70E24CA}.Debug|Any CPU.Build.0 = Debug|Any CPU
		{99D321FC-D526-478B-B8ED-2E9ED70E24CA}.Release|Any CPU.ActiveCfg = Release|Any CPU
		{99D321FC-D526-478B-B8ED-2E9ED70E24CA}.Release|Any CPU.Build.0 = Release|Any CPU
	EndGlobalSection
	GlobalSection(SolutionProperties) = preSolution
		HideSolutionNode = FALSE
	EndGlobalSection
	GlobalSection(ExtensibilityGlobals) = postSolution
		SolutionGuid = {22FFBB8B-941C-4EF6-BD5C-01BC1780CD72}
	EndGlobalSection
EndGlobal
