
Microsoft Visual Studio Solution File, Format Version 12.00
# Visual Studio Version 16
VisualStudioVersion = 16.0.28803.156
MinimumVisualStudioVersion = 10.0.40219.1
Project("{FAE04EC0-301F-11D3-BF4B-00C04F79EFBC}") = "MessageCounterFrontend", "MessageCounterFrontend\MessageCounterFrontend.csproj", "{7D899DB0-119C-4727-81A1-B462C0BD5FAA}"
EndProject
Project("{9A19103F-16F7-4668-BE54-9A1E7A4F7556}") = "MessageCounter", "MessageCounter\MessageCounter.csproj", "{32BE594B-052D-4054-8C8F-FAD52466492B}"
EndProject
Global
	GlobalSection(SolutionConfigurationPlatforms) = preSolution
		Debug - without args|Any CPU = Debug - without args|Any CPU
		Debug|Any CPU = Debug|Any CPU
		Release|Any CPU = Release|Any CPU
	EndGlobalSection
	GlobalSection(ProjectConfigurationPlatforms) = postSolution
		{7D899DB0-119C-4727-81A1-B462C0BD5FAA}.Debug - without args|Any CPU.ActiveCfg = Debug - without args|Any CPU
		{7D899DB0-119C-4727-81A1-B462C0BD5FAA}.Debug - without args|Any CPU.Build.0 = Debug - without args|Any CPU
		{7D899DB0-119C-4727-81A1-B462C0BD5FAA}.Debug|Any CPU.ActiveCfg = Debug|Any CPU
		{7D899DB0-119C-4727-81A1-B462C0BD5FAA}.Debug|Any CPU.Build.0 = Debug|Any CPU
		{7D899DB0-119C-4727-81A1-B462C0BD5FAA}.Release|Any CPU.ActiveCfg = Release|Any CPU
		{7D899DB0-119C-4727-81A1-B462C0BD5FAA}.Release|Any CPU.Build.0 = Release|Any CPU
		{32BE594B-052D-4054-8C8F-FAD52466492B}.Debug - without args|Any CPU.ActiveCfg = Debug|Any CPU
		{32BE594B-052D-4054-8C8F-FAD52466492B}.Debug - without args|Any CPU.Build.0 = Debug|Any CPU
		{32BE594B-052D-4054-8C8F-FAD52466492B}.Debug|Any CPU.ActiveCfg = Debug|Any CPU
		{32BE594B-052D-4054-8C8F-FAD52466492B}.Debug|Any CPU.Build.0 = Debug|Any CPU
		{32BE594B-052D-4054-8C8F-FAD52466492B}.Release|Any CPU.ActiveCfg = Release|Any CPU
		{32BE594B-052D-4054-8C8F-FAD52466492B}.Release|Any CPU.Build.0 = Release|Any CPU
	EndGlobalSection
	GlobalSection(SolutionProperties) = preSolution
		HideSolutionNode = FALSE
	EndGlobalSection
	GlobalSection(ExtensibilityGlobals) = postSolution
		SolutionGuid = {22FFBB8B-941C-4EF6-BD5C-01BC1780CD72}
	EndGlobalSection
EndGlobal
